<Solution>
  <Folder Name="/Services/" />
  <Folder Name="/Services/Basket/">
    <Project Path="Services/Basket/Basket.API/Basket.API.csproj" Id="542f2829-d64d-403d-b2c3-4ebf34311308" />
    <Project Path="Services/Basket/Basket.Application/Basket.Application.csproj" Id="171b81d7-26d4-4add-92ce-bd31d42aecda" />
    <Project Path="Services/Basket/Basket.Core/Basket.Core.csproj" Id="fad54442-27af-4fc8-a841-53b34bde8d81" />
    <Project Path="Services/Basket/Basket.Infrastructure/Basket.Infrastructure.csproj" Id="f55a6d89-94fa-45fb-bad6-98c5879096ae" />
  </Folder>
  <Folder Name="/Services/Catalog/">
    <Project Path="Services/Catalog/Catalog.API/Catalog.API.csproj" />
    <Project Path="Services/Catalog/Catalog.Application/Catalog.Application.csproj" Id="1f88db60-a2a8-4bca-9690-cc531ac13366" />
    <Project Path="Services/Catalog/Catalog.Core/Catalog.Core.csproj" Id="5c867775-154d-4caf-9268-b92e04ef73a2" />
    <Project Path="Services/Catalog/Catalog.Infrastructure/Catalog.Infrastructure.csproj" Id="ea93bd15-8ab3-4028-84ad-411c0393668f" />
  </Folder>
  <Folder Name="/Services/Discount/">
    <Project Path="Services/Discount/Discount.API/Discount.API.csproj" Id="6da7340d-56f5-4049-ab3d-1a36deabf979" />
    <Project Path="Services/Discount/Discount.Application/Discount.Application.csproj" Id="4b2b7ea9-962a-4d57-a8e3-7911381cb031" />
    <Project Path="Services/Discount/Discount.Core/Discount.Core.csproj" Id="237a6d9d-cbc9-4f3d-820e-54138ecce081" />
    <Project Path="Services/Discount/Discount.Infrastructure/Discount.Infrastructure.csproj" Id="a4474380-a830-44d3-ae47-1e4a8738855d" />
  </Folder>
  <Folder Name="/Services/Ordering/">
    <Project Path="Services/Ordering/Ordering.API/Ordering.API.csproj" Id="a575dba9-3c1b-446b-a044-a053c37bf57a" />
    <Project Path="Services/Ordering/Ordering.Application/Ordering.Application.csproj" Id="3f0332dd-8de5-4fde-b91a-c7a5ae2d410a" />
    <Project Path="Services/Ordering/Ordering.Core/Ordering.Core.csproj" Id="5bbe9078-0a71-42be-afe3-7466f0e1b58e" />
    <Project Path="Services/Ordering/Ordering.Infrastructure/Ordering.Infrastructure.csproj" Id="a33f599a-2ffb-43a6-b754-841f832ff319" />
  </Folder>
  <Folder Name="/Solution Items/">
    <File Path=".editorconfig" />
  </Folder>
  <Project Path="docker-compose.dcproj">
    <Build />
  </Project>
</Solution>
